// !$*UTF8*$!
{
	archiveVersion = 1;
	classes = {
	};
	objectVersion = 55;
	objects = {

/* Begin PBXBuildFile section */
		548A167EEEDD6BEE8DA75051 /* Pods_Flixter.framework in Frameworks */ = {isa = PBXBuildFile; fileRef = F5B3DA1858D48698938A18B4 /* Pods_Flixter.framework */; };
		77431532A1D2A2179822BE54 /* Pods_Flixter_FlixterUITests.framework in Frameworks */ = {isa = PBXBuildFile; fileRef = 6E2B7C71054ADA65180A87B5 /* Pods_Flixter_FlixterUITests.framework */; };
		80AA3216367B9B21FD38629B /* Pods_FlixterTests.framework in Frameworks */ = {isa = PBXBuildFile; fileRef = 4BBE4E5B043A172C68216907 /* Pods_FlixterTests.framework */; };
		CD6E4286285A4570004D55FB /* AppDelegate.m in Sources */ = {isa = PBXBuildFile; fileRef = CD6E4285285A4570004D55FB /* AppDelegate.m */; };
		CD6E4289285A4570004D55FB /* SceneDelegate.m in Sources */ = {isa = PBXBuildFile; fileRef = CD6E4288285A4570004D55FB /* SceneDelegate.m */; };
		CD6E428F285A4570004D55FB /* Main.storyboard in Resources */ = {isa = PBXBuildFile; fileRef = CD6E428D285A4570004D55FB /* Main.storyboard */; };
		CD6E4291285A4571004D55FB /* Assets.xcassets in Resources */ = {isa = PBXBuildFile; fileRef = CD6E4290285A4571004D55FB /* Assets.xcassets */; };
		CD6E4294285A4571004D55FB /* LaunchScreen.storyboard in Resources */ = {isa = PBXBuildFile; fileRef = CD6E4292285A4571004D55FB /* LaunchScreen.storyboard */; };
		CD6E4297285A4571004D55FB /* main.m in Sources */ = {isa = PBXBuildFile; fileRef = CD6E4296285A4571004D55FB /* main.m */; };
		CD6E42A1285A4571004D55FB /* FlixterTests.m in Sources */ = {isa = PBXBuildFile; fileRef = CD6E42A0285A4571004D55FB /* FlixterTests.m */; };
		CD6E42AB285A4571004D55FB /* FlixterUITests.m in Sources */ = {isa = PBXBuildFile; fileRef = CD6E42AA285A4571004D55FB /* FlixterUITests.m */; };
		CD6E42AD285A4571004D55FB /* FlixterUITestsLaunchTests.m in Sources */ = {isa = PBXBuildFile; fileRef = CD6E42AC285A4571004D55FB /* FlixterUITestsLaunchTests.m */; };
		CDBADEF6285A70A100085880 /* MovieViewController.m in Sources */ = {isa = PBXBuildFile; fileRef = CDBADEF5285A70A100085880 /* MovieViewController.m */; };
		CDBADF43285AA28600085880 /* movieViewCell.m in Sources */ = {isa = PBXBuildFile; fileRef = CDBADF42285AA28600085880 /* movieViewCell.m */; };
/* End PBXBuildFile section */

/* Begin PBXContainerItemProxy section */
		CD6E429D285A4571004D55FB /* PBXContainerItemProxy */ = {
			isa = PBXContainerItemProxy;
			containerPortal = CD6E4279285A4570004D55FB /* Project object */;
			proxyType = 1;
			remoteGlobalIDString = CD6E4280285A4570004D55FB;
			remoteInfo = Flixter;
		};
		CD6E42A7285A4571004D55FB /* PBXContainerItemProxy */ = {
			isa = PBXContainerItemProxy;
			containerPortal = CD6E4279285A4570004D55FB /* Project object */;
			proxyType = 1;
			remoteGlobalIDString = CD6E4280285A4570004D55FB;
			remoteInfo = Flixter;
		};
/* End PBXContainerItemProxy section */

/* Begin PBXFileReference section */
		228F631087598FE99716AD62 /* Pods-Flixter.debug.xcconfig */ = {isa = PBXFileReference; includeInIndex = 1; lastKnownFileType = text.xcconfig; name = "Pods-Flixter.debug.xcconfig"; path = "Target Support Files/Pods-Flixter/Pods-Flixter.debug.xcconfig"; sourceTree = "<group>"; };
		33213FC4FAB814AE7A97C954 /* Pods-FlixterTests.debug.xcconfig */ = {isa = PBXFileReference; includeInIndex = 1; lastKnownFileType = text.xcconfig; name = "Pods-FlixterTests.debug.xcconfig"; path = "Target Support Files/Pods-FlixterTests/Pods-FlixterTests.debug.xcconfig"; sourceTree = "<group>"; };
		3E79184122AED7F5B8468BAD /* Pods-Flixter.release.xcconfig */ = {isa = PBXFileReference; includeInIndex = 1; lastKnownFileType = text.xcconfig; name = "Pods-Flixter.release.xcconfig"; path = "Target Support Files/Pods-Flixter/Pods-Flixter.release.xcconfig"; sourceTree = "<group>"; };
		4BBE4E5B043A172C68216907 /* Pods_FlixterTests.framework */ = {isa = PBXFileReference; explicitFileType = wrapper.framework; includeInIndex = 0; path = Pods_FlixterTests.framework; sourceTree = BUILT_PRODUCTS_DIR; };
		523DFFFC8EB7D075C11C177D /* Pods-Flixter-FlixterUITests.debug.xcconfig */ = {isa = PBXFileReference; includeInIndex = 1; lastKnownFileType = text.xcconfig; name = "Pods-Flixter-FlixterUITests.debug.xcconfig"; path = "Target Support Files/Pods-Flixter-FlixterUITests/Pods-Flixter-FlixterUITests.debug.xcconfig"; sourceTree = "<group>"; };
		6E2B7C71054ADA65180A87B5 /* Pods_Flixter_FlixterUITests.framework */ = {isa = PBXFileReference; explicitFileType = wrapper.framework; includeInIndex = 0; path = Pods_Flixter_FlixterUITests.framework; sourceTree = BUILT_PRODUCTS_DIR; };
		901373F23612A8A832882317 /* Pods-FlixterTests.release.xcconfig */ = {isa = PBXFileReference; includeInIndex = 1; lastKnownFileType = text.xcconfig; name = "Pods-FlixterTests.release.xcconfig"; path = "Target Support Files/Pods-FlixterTests/Pods-FlixterTests.release.xcconfig"; sourceTree = "<group>"; };
		CCFAC8B3B904E3F3D9FD7D26 /* Pods-Flixter-FlixterUITests.release.xcconfig */ = {isa = PBXFileReference; includeInIndex = 1; lastKnownFileType = text.xcconfig; name = "Pods-Flixter-FlixterUITests.release.xcconfig"; path = "Target Support Files/Pods-Flixter-FlixterUITests/Pods-Flixter-FlixterUITests.release.xcconfig"; sourceTree = "<group>"; };
		CD6E4281285A4570004D55FB /* Flixter.app */ = {isa = PBXFileReference; explicitFileType = wrapper.application; includeInIndex = 0; path = Flixter.app; sourceTree = BUILT_PRODUCTS_DIR; };
		CD6E4284285A4570004D55FB /* AppDelegate.h */ = {isa = PBXFileReference; lastKnownFileType = sourcecode.c.h; path = AppDelegate.h; sourceTree = "<group>"; };
		CD6E4285285A4570004D55FB /* AppDelegate.m */ = {isa = PBXFileReference; lastKnownFileType = sourcecode.c.objc; path = AppDelegate.m; sourceTree = "<group>"; };
		CD6E4287285A4570004D55FB /* SceneDelegate.h */ = {isa = PBXFileReference; lastKnownFileType = sourcecode.c.h; path = SceneDelegate.h; sourceTree = "<group>"; };
		CD6E4288285A4570004D55FB /* SceneDelegate.m */ = {isa = PBXFileReference; lastKnownFileType = sourcecode.c.objc; path = SceneDelegate.m; sourceTree = "<group>"; };
		CD6E428E285A4570004D55FB /* Base */ = {isa = PBXFileReference; lastKnownFileType = file.storyboard; name = Base; path = Base.lproj/Main.storyboard; sourceTree = "<group>"; };
		CD6E4290285A4571004D55FB /* Assets.xcassets */ = {isa = PBXFileReference; lastKnownFileType = folder.assetcatalog; path = Assets.xcassets; sourceTree = "<group>"; };
		CD6E4293285A4571004D55FB /* Base */ = {isa = PBXFileReference; lastKnownFileType = file.storyboard; name = Base; path = Base.lproj/LaunchScreen.storyboard; sourceTree = "<group>"; };
		CD6E4295285A4571004D55FB /* Info.plist */ = {isa = PBXFileReference; lastKnownFileType = text.plist.xml; path = Info.plist; sourceTree = "<group>"; };
		CD6E4296285A4571004D55FB /* main.m */ = {isa = PBXFileReference; lastKnownFileType = sourcecode.c.objc; path = main.m; sourceTree = "<group>"; };
		CD6E429C285A4571004D55FB /* FlixterTests.xctest */ = {isa = PBXFileReference; explicitFileType = wrapper.cfbundle; includeInIndex = 0; path = FlixterTests.xctest; sourceTree = BUILT_PRODUCTS_DIR; };
		CD6E42A0285A4571004D55FB /* FlixterTests.m */ = {isa = PBXFileReference; lastKnownFileType = sourcecode.c.objc; path = FlixterTests.m; sourceTree = "<group>"; };
		CD6E42A6285A4571004D55FB /* FlixterUITests.xctest */ = {isa = PBXFileReference; explicitFileType = wrapper.cfbundle; includeInIndex = 0; path = FlixterUITests.xctest; sourceTree = BUILT_PRODUCTS_DIR; };
		CD6E42AA285A4571004D55FB /* FlixterUITests.m */ = {isa = PBXFileReference; lastKnownFileType = sourcecode.c.objc; path = FlixterUITests.m; sourceTree = "<group>"; };
		CD6E42AC285A4571004D55FB /* FlixterUITestsLaunchTests.m */ = {isa = PBXFileReference; lastKnownFileType = sourcecode.c.objc; path = FlixterUITestsLaunchTests.m; sourceTree = "<group>"; };
		CDBADEF4285A70A100085880 /* MovieViewController.h */ = {isa = PBXFileReference; lastKnownFileType = sourcecode.c.h; path = MovieViewController.h; sourceTree = "<group>"; };
		CDBADEF5285A70A100085880 /* MovieViewController.m */ = {isa = PBXFileReference; lastKnownFileType = sourcecode.c.objc; path = MovieViewController.m; sourceTree = "<group>"; };
		CDBADF41285AA28600085880 /* movieViewCell.h */ = {isa = PBXFileReference; lastKnownFileType = sourcecode.c.h; path = movieViewCell.h; sourceTree = "<group>"; };
		CDBADF42285AA28600085880 /* movieViewCell.m */ = {isa = PBXFileReference; lastKnownFileType = sourcecode.c.objc; path = movieViewCell.m; sourceTree = "<group>"; };
		F5B3DA1858D48698938A18B4 /* Pods_Flixter.framework */ = {isa = PBXFileReference; explicitFileType = wrapper.framework; includeInIndex = 0; path = Pods_Flixter.framework; sourceTree = BUILT_PRODUCTS_DIR; };
/* End PBXFileReference section */

/* Begin PBXFrameworksBuildPhase section */
		CD6E427E285A4570004D55FB /* Frameworks */ = {
			isa = PBXFrameworksBuildPhase;
			buildActionMask = 2147483647;
			files = (
				548A167EEEDD6BEE8DA75051 /* Pods_Flixter.framework in Frameworks */,
			);
			runOnlyForDeploymentPostprocessing = 0;
		};
		CD6E4299285A4571004D55FB /* Frameworks */ = {
			isa = PBXFrameworksBuildPhase;
			buildActionMask = 2147483647;
			files = (
				80AA3216367B9B21FD38629B /* Pods_FlixterTests.framework in Frameworks */,
			);
			runOnlyForDeploymentPostprocessing = 0;
		};
		CD6E42A3285A4571004D55FB /* Frameworks */ = {
			isa = PBXFrameworksBuildPhase;
			buildActionMask = 2147483647;
			files = (
				77431532A1D2A2179822BE54 /* Pods_Flixter_FlixterUITests.framework in Frameworks */,
			);
			runOnlyForDeploymentPostprocessing = 0;
		};
/* End PBXFrameworksBuildPhase section */

/* Begin PBXGroup section */
		59581F62A98200887155B227 /* Frameworks */ = {
			isa = PBXGroup;
			children = (
				F5B3DA1858D48698938A18B4 /* Pods_Flixter.framework */,
				6E2B7C71054ADA65180A87B5 /* Pods_Flixter_FlixterUITests.framework */,
				4BBE4E5B043A172C68216907 /* Pods_FlixterTests.framework */,
			);
			name = Frameworks;
			sourceTree = "<group>";
		};
		CD6E4278285A4570004D55FB = {
			isa = PBXGroup;
			children = (
				CD6E4283285A4570004D55FB /* Flixter */,
				CD6E429F285A4571004D55FB /* FlixterTests */,
				CD6E42A9285A4571004D55FB /* FlixterUITests */,
				CD6E4282285A4570004D55FB /* Products */,
				F65C855C0124EC22DF4B18D2 /* Pods */,
				59581F62A98200887155B227 /* Frameworks */,
			);
			sourceTree = "<group>";
		};
		CD6E4282285A4570004D55FB /* Products */ = {
			isa = PBXGroup;
			children = (
				CD6E4281285A4570004D55FB /* Flixter.app */,
				CD6E429C285A4571004D55FB /* FlixterTests.xctest */,
				CD6E42A6285A4571004D55FB /* FlixterUITests.xctest */,
			);
			name = Products;
			sourceTree = "<group>";
		};
		CD6E4283285A4570004D55FB /* Flixter */ = {
			isa = PBXGroup;
			children = (
				CD6E4284285A4570004D55FB /* AppDelegate.h */,
				CD6E4285285A4570004D55FB /* AppDelegate.m */,
				CD6E4287285A4570004D55FB /* SceneDelegate.h */,
				CD6E4288285A4570004D55FB /* SceneDelegate.m */,
				CD6E428D285A4570004D55FB /* Main.storyboard */,
				CDBADF41285AA28600085880 /* movieViewCell.h */,
				CDBADF42285AA28600085880 /* movieViewCell.m */,
				CDBADEF4285A70A100085880 /* MovieViewController.h */,
				CDBADEF5285A70A100085880 /* MovieViewController.m */,
				CD6E4290285A4571004D55FB /* Assets.xcassets */,
				CD6E4292285A4571004D55FB /* LaunchScreen.storyboard */,
				CD6E4295285A4571004D55FB /* Info.plist */,
				CD6E4296285A4571004D55FB /* main.m */,
			);
			path = Flixter;
			sourceTree = "<group>";
		};
		CD6E429F285A4571004D55FB /* FlixterTests */ = {
			isa = PBXGroup;
			children = (
				CD6E42A0285A4571004D55FB /* FlixterTests.m */,
			);
			path = FlixterTests;
			sourceTree = "<group>";
		};
		CD6E42A9285A4571004D55FB /* FlixterUITests */ = {
			isa = PBXGroup;
			children = (
				CD6E42AA285A4571004D55FB /* FlixterUITests.m */,
				CD6E42AC285A4571004D55FB /* FlixterUITestsLaunchTests.m */,
			);
			path = FlixterUITests;
			sourceTree = "<group>";
		};
		F65C855C0124EC22DF4B18D2 /* Pods */ = {
			isa = PBXGroup;
			children = (
				228F631087598FE99716AD62 /* Pods-Flixter.debug.xcconfig */,
				3E79184122AED7F5B8468BAD /* Pods-Flixter.release.xcconfig */,
				523DFFFC8EB7D075C11C177D /* Pods-Flixter-FlixterUITests.debug.xcconfig */,
				CCFAC8B3B904E3F3D9FD7D26 /* Pods-Flixter-FlixterUITests.release.xcconfig */,
				33213FC4FAB814AE7A97C954 /* Pods-FlixterTests.debug.xcconfig */,
				901373F23612A8A832882317 /* Pods-FlixterTests.release.xcconfig */,
			);
			path = Pods;
			sourceTree = "<group>";
		};
/* End PBXGroup section */

/* Begin PBXNativeTarget section */
		CD6E4280285A4570004D55FB /* Flixter */ = {
			isa = PBXNativeTarget;
			buildConfigurationList = CD6E42B0285A4571004D55FB /* Build configuration list for PBXNativeTarget "Flixter" */;
			buildPhases = (
				6F30C36C96F87870600B082F /* [CP] Check Pods Manifest.lock */,
				CD6E427D285A4570004D55FB /* Sources */,
				CD6E427E285A4570004D55FB /* Frameworks */,
				CD6E427F285A4570004D55FB /* Resources */,
				9043590CB637B847D2375121 /* [CP] Embed Pods Frameworks */,
			);
			buildRules = (
			);
			dependencies = (
			);
			name = Flixter;
			productName = Flixter;
			productReference = CD6E4281285A4570004D55FB /* Flixter.app */;
			productType = "com.apple.product-type.application";
		};
		CD6E429B285A4571004D55FB /* FlixterTests */ = {
			isa = PBXNativeTarget;
			buildConfigurationList = CD6E42B3285A4571004D55FB /* Build configuration list for PBXNativeTarget "FlixterTests" */;
			buildPhases = (
				8F1E4D0D09380A4123089330 /* [CP] Check Pods Manifest.lock */,
				CD6E4298285A4571004D55FB /* Sources */,
				CD6E4299285A4571004D55FB /* Frameworks */,
				CD6E429A285A4571004D55FB /* Resources */,
			);
			buildRules = (
			);
			dependencies = (
				CD6E429E285A4571004D55FB /* PBXTargetDependency */,
			);
			name = FlixterTests;
			productName = FlixterTests;
			productReference = CD6E429C285A4571004D55FB /* FlixterTests.xctest */;
			productType = "com.apple.product-type.bundle.unit-test";
		};
		CD6E42A5285A4571004D55FB /* FlixterUITests */ = {
			isa = PBXNativeTarget;
			buildConfigurationList = CD6E42B6285A4571004D55FB /* Build configuration list for PBXNativeTarget "FlixterUITests" */;
			buildPhases = (
				41455229E73923BB4162C01F /* [CP] Check Pods Manifest.lock */,
				CD6E42A2285A4571004D55FB /* Sources */,
				CD6E42A3285A4571004D55FB /* Frameworks */,
				CD6E42A4285A4571004D55FB /* Resources */,
				95F231D3D68B755265667749 /* [CP] Embed Pods Frameworks */,
			);
			buildRules = (
			);
			dependencies = (
				CD6E42A8285A4571004D55FB /* PBXTargetDependency */,
			);
			name = FlixterUITests;
			productName = FlixterUITests;
			productReference = CD6E42A6285A4571004D55FB /* FlixterUITests.xctest */;
			productType = "com.apple.product-type.bundle.ui-testing";
		};
/* End PBXNativeTarget section */

/* Begin PBXProject section */
		CD6E4279285A4570004D55FB /* Project object */ = {
			isa = PBXProject;
			attributes = {
				BuildIndependentTargetsInParallel = 1;
				LastUpgradeCheck = 1340;
				TargetAttributes = {
					CD6E4280285A4570004D55FB = {
						CreatedOnToolsVersion = 13.4.1;
					};
					CD6E429B285A4571004D55FB = {
						CreatedOnToolsVersion = 13.4.1;
						TestTargetID = CD6E4280285A4570004D55FB;
					};
					CD6E42A5285A4571004D55FB = {
						CreatedOnToolsVersion = 13.4.1;
						TestTargetID = CD6E4280285A4570004D55FB;
					};
				};
			};
			buildConfigurationList = CD6E427C285A4570004D55FB /* Build configuration list for PBXProject "Flixter" */;
			compatibilityVersion = "Xcode 13.0";
			developmentRegion = en;
			hasScannedForEncodings = 0;
			knownRegions = (
				en,
				Base,
			);
			mainGroup = CD6E4278285A4570004D55FB;
			productRefGroup = CD6E4282285A4570004D55FB /* Products */;
			projectDirPath = "";
			projectRoot = "";
			targets = (
				CD6E4280285A4570004D55FB /* Flixter */,
				CD6E429B285A4571004D55FB /* FlixterTests */,
				CD6E42A5285A4571004D55FB /* FlixterUITests */,
			);
		};
/* End PBXProject section */

/* Begin PBXResourcesBuildPhase section */
		CD6E427F285A4570004D55FB /* Resources */ = {
			isa = PBXResourcesBuildPhase;
			buildActionMask = 2147483647;
			files = (
				CD6E4294285A4571004D55FB /* LaunchScreen.storyboard in Resources */,
				CD6E4291285A4571004D55FB /* Assets.xcassets in Resources */,
				CD6E428F285A4570004D55FB /* Main.storyboard in Resources */,
			);
			runOnlyForDeploymentPostprocessing = 0;
		};
		CD6E429A285A4571004D55FB /* Resources */ = {
			isa = PBXResourcesBuildPhase;
			buildActionMask = 2147483647;
			files = (
			);
			runOnlyForDeploymentPostprocessing = 0;
		};
		CD6E42A4285A4571004D55FB /* Resources */ = {
			isa = PBXResourcesBuildPhase;
			buildActionMask = 2147483647;
			files = (
			);
			runOnlyForDeploymentPostprocessing = 0;
		};
/* End PBXResourcesBuildPhase section */

/* Begin PBXShellScriptBuildPhase section */
		41455229E73923BB4162C01F /* [CP] Check Pods Manifest.lock */ = {
			isa = PBXShellScriptBuildPhase;
			buildActionMask = 2147483647;
			files = (
			);
			inputFileListPaths = (
			);
			inputPaths = (
				"${PODS_PODFILE_DIR_PATH}/Podfile.lock",
				"${PODS_ROOT}/Manifest.lock",
			);
			name = "[CP] Check Pods Manifest.lock";
			outputFileListPaths = (
			);
			outputPaths = (
				"$(DERIVED_FILE_DIR)/Pods-Flixter-FlixterUITests-checkManifestLockResult.txt",
			);
			runOnlyForDeploymentPostprocessing = 0;
			shellPath = /bin/sh;
			shellScript = "diff \"${PODS_PODFILE_DIR_PATH}/Podfile.lock\" \"${PODS_ROOT}/Manifest.lock\" > /dev/null\nif [ $? != 0 ] ; then\n    # print error to STDERR\n    echo \"error: The sandbox is not in sync with the Podfile.lock. Run 'pod install' or update your CocoaPods installation.\" >&2\n    exit 1\nfi\n# This output is used by Xcode 'outputs' to avoid re-running this script phase.\necho \"SUCCESS\" > \"${SCRIPT_OUTPUT_FILE_0}\"\n";
			showEnvVarsInLog = 0;
		};
		6F30C36C96F87870600B082F /* [CP] Check Pods Manifest.lock */ = {
			isa = PBXShellScriptBuildPhase;
			buildActionMask = 2147483647;
			files = (
			);
			inputFileListPaths = (
			);
			inputPaths = (
				"${PODS_PODFILE_DIR_PATH}/Podfile.lock",
				"${PODS_ROOT}/Manifest.lock",
			);
			name = "[CP] Check Pods Manifest.lock";
			outputFileListPaths = (
			);
			outputPaths = (
				"$(DERIVED_FILE_DIR)/Pods-Flixter-checkManifestLockResult.txt",
			);
			runOnlyForDeploymentPostprocessing = 0;
			shellPath = /bin/sh;
			shellScript = "diff \"${PODS_PODFILE_DIR_PATH}/Podfile.lock\" \"${PODS_ROOT}/Manifest.lock\" > /dev/null\nif [ $? != 0 ] ; then\n    # print error to STDERR\n    echo \"error: The sandbox is not in sync with the Podfile.lock. Run 'pod install' or update your CocoaPods installation.\" >&2\n    exit 1\nfi\n# This output is used by Xcode 'outputs' to avoid re-running this script phase.\necho \"SUCCESS\" > \"${SCRIPT_OUTPUT_FILE_0}\"\n";
			showEnvVarsInLog = 0;
		};
		8F1E4D0D09380A4123089330 /* [CP] Check Pods Manifest.lock */ = {
			isa = PBXShellScriptBuildPhase;
			buildActionMask = 2147483647;
			files = (
			);
			inputFileListPaths = (
			);
			inputPaths = (
				"${PODS_PODFILE_DIR_PATH}/Podfile.lock",
				"${PODS_ROOT}/Manifest.lock",
			);
			name = "[CP] Check Pods Manifest.lock";
			outputFileListPaths = (
			);
			outputPaths = (
				"$(DERIVED_FILE_DIR)/Pods-FlixterTests-checkManifestLockResult.txt",
			);
			runOnlyForDeploymentPostprocessing = 0;
			shellPath = /bin/sh;
			shellScript = "diff \"${PODS_PODFILE_DIR_PATH}/Podfile.lock\" \"${PODS_ROOT}/Manifest.lock\" > /dev/null\nif [ $? != 0 ] ; then\n    # print error to STDERR\n    echo \"error: The sandbox is not in sync with the Podfile.lock. Run 'pod install' or update your CocoaPods installation.\" >&2\n    exit 1\nfi\n# This output is used by Xcode 'outputs' to avoid re-running this script phase.\necho \"SUCCESS\" > \"${SCRIPT_OUTPUT_FILE_0}\"\n";
			showEnvVarsInLog = 0;
		};
		9043590CB637B847D2375121 /* [CP] Embed Pods Frameworks */ = {
			isa = PBXShellScriptBuildPhase;
			buildActionMask = 2147483647;
			files = (
			);
			inputFileListPaths = (
				"${PODS_ROOT}/Target Support Files/Pods-Flixter/Pods-Flixter-frameworks-${CONFIGURATION}-input-files.xcfilelist",
			);
			name = "[CP] Embed Pods Frameworks";
			outputFileListPaths = (
				"${PODS_ROOT}/Target Support Files/Pods-Flixter/Pods-Flixter-frameworks-${CONFIGURATION}-output-files.xcfilelist",
			);
			runOnlyForDeploymentPostprocessing = 0;
			shellPath = /bin/sh;
			shellScript = "\"${PODS_ROOT}/Target Support Files/Pods-Flixter/Pods-Flixter-frameworks.sh\"\n";
			showEnvVarsInLog = 0;
		};
		95F231D3D68B755265667749 /* [CP] Embed Pods Frameworks */ = {
			isa = PBXShellScriptBuildPhase;
			buildActionMask = 2147483647;
			files = (
			);
			inputFileListPaths = (
				"${PODS_ROOT}/Target Support Files/Pods-Flixter-FlixterUITests/Pods-Flixter-FlixterUITests-frameworks-${CONFIGURATION}-input-files.xcfilelist",
			);
			name = "[CP] Embed Pods Frameworks";
			outputFileListPaths = (
				"${PODS_ROOT}/Target Support Files/Pods-Flixter-FlixterUITests/Pods-Flixter-FlixterUITests-frameworks-${CONFIGURATION}-output-files.xcfilelist",
			);
			runOnlyForDeploymentPostprocessing = 0;
			shellPath = /bin/sh;
			shellScript = "\"${PODS_ROOT}/Target Support Files/Pods-Flixter-FlixterUITests/Pods-Flixter-FlixterUITests-frameworks.sh\"\n";
			showEnvVarsInLog = 0;
		};
/* End PBXShellScriptBuildPhase section */

/* Begin PBXSourcesBuildPhase section */
		CD6E427D285A4570004D55FB /* Sources */ = {
			isa = PBXSourcesBuildPhase;
			buildActionMask = 2147483647;
			files = (
				CDBADF43285AA28600085880 /* movieViewCell.m in Sources */,
				CD6E4286285A4570004D55FB /* AppDelegate.m in Sources */,
				CD6E4297285A4571004D55FB /* main.m in Sources */,
				CD6E4289285A4570004D55FB /* SceneDelegate.m in Sources */,
				CDBADEF6285A70A100085880 /* MovieViewController.m in Sources */,
			);
			runOnlyForDeploymentPostprocessing = 0;
		};
		CD6E4298285A4571004D55FB /* Sources */ = {
			isa = PBXSourcesBuildPhase;
			buildActionMask = 2147483647;
			files = (
				CD6E42A1285A4571004D55FB /* FlixterTests.m in Sources */,
			);
			runOnlyForDeploymentPostprocessing = 0;
		};
		CD6E42A2285A4571004D55FB /* Sources */ = {
			isa = PBXSourcesBuildPhase;
			buildActionMask = 2147483647;
			files = (
				CD6E42AB285A4571004D55FB /* FlixterUITests.m in Sources */,
				CD6E42AD285A4571004D55FB /* FlixterUITestsLaunchTests.m in Sources */,
			);
			runOnlyForDeploymentPostprocessing = 0;
		};
/* End PBXSourcesBuildPhase section */

/* Begin PBXTargetDependency section */
		CD6E429E285A4571004D55FB /* PBXTargetDependency */ = {
			isa = PBXTargetDependency;
			target = CD6E4280285A4570004D55FB /* Flixter */;
			targetProxy = CD6E429D285A4571004D55FB /* PBXContainerItemProxy */;
		};
		CD6E42A8285A4571004D55FB /* PBXTargetDependency */ = {
			isa = PBXTargetDependency;
			target = CD6E4280285A4570004D55FB /* Flixter */;
			targetProxy = CD6E42A7285A4571004D55FB /* PBXContainerItemProxy */;
		};
/* End PBXTargetDependency section */

/* Begin PBXVariantGroup section */
		CD6E428D285A4570004D55FB /* Main.storyboard */ = {
			isa = PBXVariantGroup;
			children = (
				CD6E428E285A4570004D55FB /* Base */,
			);
			name = Main.storyboard;
			sourceTree = "<group>";
		};
		CD6E4292285A4571004D55FB /* LaunchScreen.storyboard */ = {
			isa = PBXVariantGroup;
			children = (
				CD6E4293285A4571004D55FB /* Base */,
			);
			name = LaunchScreen.storyboard;
			sourceTree = "<group>";
		};
/* End PBXVariantGroup section */

/* Begin XCBuildConfiguration section */
		CD6E42AE285A4571004D55FB /* Debug */ = {
			isa = XCBuildConfiguration;
			buildSettings = {
				ALWAYS_SEARCH_USER_PATHS = NO;
				CLANG_ANALYZER_NONNULL = YES;
				CLANG_ANALYZER_NUMBER_OBJECT_CONVERSION = YES_AGGRESSIVE;
				CLANG_CXX_LANGUAGE_STANDARD = "gnu++17";
				CLANG_ENABLE_MODULES = YES;
				CLANG_ENABLE_OBJC_ARC = YES;
				CLANG_ENABLE_OBJC_WEAK = YES;
				CLANG_WARN_BLOCK_CAPTURE_AUTORELEASING = YES;
				CLANG_WARN_BOOL_CONVERSION = YES;
				CLANG_WARN_COMMA = YES;
				CLANG_WARN_CONSTANT_CONVERSION = YES;
				CLANG_WARN_DEPRECATED_OBJC_IMPLEMENTATIONS = YES;
				CLANG_WARN_DIRECT_OBJC_ISA_USAGE = YES_ERROR;
				CLANG_WARN_DOCUMENTATION_COMMENTS = YES;
				CLANG_WARN_EMPTY_BODY = YES;
				CLANG_WARN_ENUM_CONVERSION = YES;
				CLANG_WARN_INFINITE_RECURSION = YES;
				CLANG_WARN_INT_CONVERSION = YES;
				CLANG_WARN_NON_LITERAL_NULL_CONVERSION = YES;
				CLANG_WARN_OBJC_IMPLICIT_RETAIN_SELF = YES;
				CLANG_WARN_OBJC_LITERAL_CONVERSION = YES;
				CLANG_WARN_OBJC_ROOT_CLASS = YES_ERROR;
				CLANG_WARN_QUOTED_INCLUDE_IN_FRAMEWORK_HEADER = YES;
				CLANG_WARN_RANGE_LOOP_ANALYSIS = YES;
				CLANG_WARN_STRICT_PROTOTYPES = YES;
				CLANG_WARN_SUSPICIOUS_MOVE = YES;
				CLANG_WARN_UNGUARDED_AVAILABILITY = YES_AGGRESSIVE;
				CLANG_WARN_UNREACHABLE_CODE = YES;
				CLANG_WARN__DUPLICATE_METHOD_MATCH = YES;
				COPY_PHASE_STRIP = NO;
				DEBUG_INFORMATION_FORMAT = dwarf;
				ENABLE_STRICT_OBJC_MSGSEND = YES;
				ENABLE_TESTABILITY = YES;
				GCC_C_LANGUAGE_STANDARD = gnu11;
				GCC_DYNAMIC_NO_PIC = NO;
				GCC_NO_COMMON_BLOCKS = YES;
				GCC_OPTIMIZATION_LEVEL = 0;
				GCC_PREPROCESSOR_DEFINITIONS = (
					"DEBUG=1",
					"$(inherited)",
				);
				GCC_WARN_64_TO_32_BIT_CONVERSION = YES;
				GCC_WARN_ABOUT_RETURN_TYPE = YES_ERROR;
				GCC_WARN_UNDECLARED_SELECTOR = YES;
				GCC_WARN_UNINITIALIZED_AUTOS = YES_AGGRESSIVE;
				GCC_WARN_UNUSED_FUNCTION = YES;
				GCC_WARN_UNUSED_VARIABLE = YES;
				IPHONEOS_DEPLOYMENT_TARGET = 15.5;
				MTL_ENABLE_DEBUG_INFO = INCLUDE_SOURCE;
				MTL_FAST_MATH = YES;
				ONLY_ACTIVE_ARCH = YES;
				SDKROOT = iphoneos;
			};
			name = Debug;
		};
		CD6E42AF285A4571004D55FB /* Release */ = {
			isa = XCBuildConfiguration;
			buildSettings = {
				ALWAYS_SEARCH_USER_PATHS = NO;
				CLANG_ANALYZER_NONNULL = YES;
				CLANG_ANALYZER_NUMBER_OBJECT_CONVERSION = YES_AGGRESSIVE;
				CLANG_CXX_LANGUAGE_STANDARD = "gnu++17";
				CLANG_ENABLE_MODULES = YES;
				CLANG_ENABLE_OBJC_ARC = YES;
				CLANG_ENABLE_OBJC_WEAK = YES;
				CLANG_WARN_BLOCK_CAPTURE_AUTORELEASING = YES;
				CLANG_WARN_BOOL_CONVERSION = YES;
				CLANG_WARN_COMMA = YES;
				CLANG_WARN_CONSTANT_CONVERSION = YES;
				CLANG_WARN_DEPRECATED_OBJC_IMPLEMENTATIONS = YES;
				CLANG_WARN_DIRECT_OBJC_ISA_USAGE = YES_ERROR;
				CLANG_WARN_DOCUMENTATION_COMMENTS = YES;
				CLANG_WARN_EMPTY_BODY = YES;
				CLANG_WARN_ENUM_CONVERSION = YES;
				CLANG_WARN_INFINITE_RECURSION = YES;
				CLANG_WARN_INT_CONVERSION = YES;
				CLANG_WARN_NON_LITERAL_NULL_CONVERSION = YES;
				CLANG_WARN_OBJC_IMPLICIT_RETAIN_SELF = YES;
				CLANG_WARN_OBJC_LITERAL_CONVERSION = YES;
				CLANG_WARN_OBJC_ROOT_CLASS = YES_ERROR;
				CLANG_WARN_QUOTED_INCLUDE_IN_FRAMEWORK_HEADER = YES;
				CLANG_WARN_RANGE_LOOP_ANALYSIS = YES;
				CLANG_WARN_STRICT_PROTOTYPES = YES;
				CLANG_WARN_SUSPICIOUS_MOVE = YES;
				CLANG_WARN_UNGUARDED_AVAILABILITY = YES_AGGRESSIVE;
				CLANG_WARN_UNREACHABLE_CODE = YES;
				CLANG_WARN__DUPLICATE_METHOD_MATCH = YES;
				COPY_PHASE_STRIP = NO;
				DEBUG_INFORMATION_FORMAT = "dwarf-with-dsym";
				ENABLE_NS_ASSERTIONS = NO;
				ENABLE_STRICT_OBJC_MSGSEND = YES;
				GCC_C_LANGUAGE_STANDARD = gnu11;
				GCC_NO_COMMON_BLOCKS = YES;
				GCC_WARN_64_TO_32_BIT_CONVERSION = YES;
				GCC_WARN_ABOUT_RETURN_TYPE = YES_ERROR;
				GCC_WARN_UNDECLARED_SELECTOR = YES;
				GCC_WARN_UNINITIALIZED_AUTOS = YES_AGGRESSIVE;
				GCC_WARN_UNUSED_FUNCTION = YES;
				GCC_WARN_UNUSED_VARIABLE = YES;
				IPHONEOS_DEPLOYMENT_TARGET = 15.5;
				MTL_ENABLE_DEBUG_INFO = NO;
				MTL_FAST_MATH = YES;
				SDKROOT = iphoneos;
				VALIDATE_PRODUCT = YES;
			};
			name = Release;
		};
		CD6E42B1285A4571004D55FB /* Debug */ = {
			isa = XCBuildConfiguration;
			baseConfigurationReference = 228F631087598FE99716AD62 /* Pods-Flixter.debug.xcconfig */;
			buildSettings = {
				ASSETCATALOG_COMPILER_APPICON_NAME = AppIcon;
				ASSETCATALOG_COMPILER_GLOBAL_ACCENT_COLOR_NAME = AccentColor;
				CODE_SIGN_STYLE = Automatic;
				CURRENT_PROJECT_VERSION = 1;
				DEVELOPMENT_TEAM = YUKHUGJ83N;
				GENERATE_INFOPLIST_FILE = YES;
				INFOPLIST_FILE = Flixter/Info.plist;
				INFOPLIST_KEY_UIApplicationSupportsIndirectInputEvents = YES;
				INFOPLIST_KEY_UILaunchStoryboardName = LaunchScreen;
				INFOPLIST_KEY_UIMainStoryboardFile = Main;
				INFOPLIST_KEY_UISupportedInterfaceOrientations_iPad = "UIInterfaceOrientationPortrait UIInterfaceOrientationPortraitUpsideDown UIInterfaceOrientationLandscapeLeft UIInterfaceOrientationLandscapeRight";
				INFOPLIST_KEY_UISupportedInterfaceOrientations_iPhone = "UIInterfaceOrientationPortrait UIInterfaceOrientationLandscapeLeft UIInterfaceOrientationLandscapeRight";
				LD_RUNPATH_SEARCH_PATHS = (
					"$(inherited)",
					"@executable_path/Frameworks",
				);
				MARKETING_VERSION = 1.0;
				PRODUCT_BUNDLE_IDENTIFIER = com.meta.Flixter;
				PRODUCT_NAME = "$(TARGET_NAME)";
				SWIFT_EMIT_LOC_STRINGS = YES;
				TARGETED_DEVICE_FAMILY = "1,2";
			};
			name = Debug;
		};
		CD6E42B2285A4571004D55FB /* Release */ = {
			isa = XCBuildConfiguration;
			baseConfigurationReference = 3E79184122AED7F5B8468BAD /* Pods-Flixter.release.xcconfig */;
			buildSettings = {
				ASSETCATALOG_COMPILER_APPICON_NAME = AppIcon;
				ASSETCATALOG_COMPILER_GLOBAL_ACCENT_COLOR_NAME = AccentColor;
				CODE_SIGN_STYLE = Automatic;
				CURRENT_PROJECT_VERSION = 1;
				DEVELOPMENT_TEAM = YUKHUGJ83N;
				GENERATE_INFOPLIST_FILE = YES;
				INFOPLIST_FILE = Flixter/Info.plist;
				INFOPLIST_KEY_UIApplicationSupportsIndirectInputEvents = YES;
				INFOPLIST_KEY_UILaunchStoryboardName = LaunchScreen;
				INFOPLIST_KEY_UIMainStoryboardFile = Main;
				INFOPLIST_KEY_UISupportedInterfaceOrientations_iPad = "UIInterfaceOrientationPortrait UIInterfaceOrientationPortraitUpsideDown UIInterfaceOrientationLandscapeLeft UIInterfaceOrientationLandscapeRight";
				INFOPLIST_KEY_UISupportedInterfaceOrientations_iPhone = "UIInterfaceOrientationPortrait UIInterfaceOrientationLandscapeLeft UIInterfaceOrientationLandscapeRight";
				LD_RUNPATH_SEARCH_PATHS = (
					"$(inherited)",
					"@executable_path/Frameworks",
				);
				MARKETING_VERSION = 1.0;
				PRODUCT_BUNDLE_IDENTIFIER = com.meta.Flixter;
				PRODUCT_NAME = "$(TARGET_NAME)";
				SWIFT_EMIT_LOC_STRINGS = YES;
				TARGETED_DEVICE_FAMILY = "1,2";
			};
			name = Release;
		};
		CD6E42B4285A4571004D55FB /* Debug */ = {
			isa = XCBuildConfiguration;
			baseConfigurationReference = 33213FC4FAB814AE7A97C954 /* Pods-FlixterTests.debug.xcconfig */;
			buildSettings = {
				BUNDLE_LOADER = "$(TEST_HOST)";
				CODE_SIGN_STYLE = Automatic;
				CURRENT_PROJECT_VERSION = 1;
				DEVELOPMENT_TEAM = YUKHUGJ83N;
				GENERATE_INFOPLIST_FILE = YES;
				IPHONEOS_DEPLOYMENT_TARGET = 15.5;
				MARKETING_VERSION = 1.0;
				PRODUCT_BUNDLE_IDENTIFIER = com.meta.FlixterTests;
				PRODUCT_NAME = "$(TARGET_NAME)";
				SWIFT_EMIT_LOC_STRINGS = NO;
				TARGETED_DEVICE_FAMILY = "1,2";
				TEST_HOST = "$(BUILT_PRODUCTS_DIR)/Flixter.app/Flixter";
			};
			name = Debug;
		};
		CD6E42B5285A4571004D55FB /* Release */ = {
			isa = XCBuildConfiguration;
			baseConfigurationReference = 901373F23612A8A832882317 /* Pods-FlixterTests.release.xcconfig */;
			buildSettings = {
				BUNDLE_LOADER = "$(TEST_HOST)";
				CODE_SIGN_STYLE = Automatic;
				CURRENT_PROJECT_VERSION = 1;
				DEVELOPMENT_TEAM = YUKHUGJ83N;
				GENERATE_INFOPLIST_FILE = YES;
				IPHONEOS_DEPLOYMENT_TARGET = 15.5;
				MARKETING_VERSION = 1.0;
				PRODUCT_BUNDLE_IDENTIFIER = com.meta.FlixterTests;
				PRODUCT_NAME = "$(TARGET_NAME)";
				SWIFT_EMIT_LOC_STRINGS = NO;
				TARGETED_DEVICE_FAMILY = "1,2";
				TEST_HOST = "$(BUILT_PRODUCTS_DIR)/Flixter.app/Flixter";
			};
			name = Release;
		};
		CD6E42B7285A4571004D55FB /* Debug */ = {
			isa = XCBuildConfiguration;
			baseConfigurationReference = 523DFFFC8EB7D075C11C177D /* Pods-Flixter-FlixterUITests.debug.xcconfig */;
			buildSettings = {
				CODE_SIGN_STYLE = Automatic;
				CURRENT_PROJECT_VERSION = 1;
				DEVELOPMENT_TEAM = YUKHUGJ83N;
				GENERATE_INFOPLIST_FILE = YES;
				MARKETING_VERSION = 1.0;
				PRODUCT_BUNDLE_IDENTIFIER = com.meta.FlixterUITests;
				PRODUCT_NAME = "$(TARGET_NAME)";
				SWIFT_EMIT_LOC_STRINGS = NO;
				TARGETED_DEVICE_FAMILY = "1,2";
				TEST_TARGET_NAME = Flixter;
			};
			name = Debug;
		};
		CD6E42B8285A4571004D55FB /* Release */ = {
			isa = XCBuildConfiguration;
			baseConfigurationReference = CCFAC8B3B904E3F3D9FD7D26 /* Pods-Flixter-FlixterUITests.release.xcconfig */;
			buildSettings = {
				CODE_SIGN_STYLE = Automatic;
				CURRENT_PROJECT_VERSION = 1;
				DEVELOPMENT_TEAM = YUKHUGJ83N;
				GENERATE_INFOPLIST_FILE = YES;
				MARKETING_VERSION = 1.0;
				PRODUCT_BUNDLE_IDENTIFIER = com.meta.FlixterUITests;
				PRODUCT_NAME = "$(TARGET_NAME)";
				SWIFT_EMIT_LOC_STRINGS = NO;
				TARGETED_DEVICE_FAMILY = "1,2";
				TEST_TARGET_NAME = Flixter;
			};
			name = Release;
		};
/* End XCBuildConfiguration section */

/* Begin XCConfigurationList section */
		CD6E427C285A4570004D55FB /* Build configuration list for PBXProject "Flixter" */ = {
			isa = XCConfigurationList;
			buildConfigurations = (
				CD6E42AE285A4571004D55FB /* Debug */,
				CD6E42AF285A4571004D55FB /* Release */,
			);
			defaultConfigurationIsVisible = 0;
			defaultConfigurationName = Release;
		};
		CD6E42B0285A4571004D55FB /* Build configuration list for PBXNativeTarget "Flixter" */ = {
			isa = XCConfigurationList;
			buildConfigurations = (
				CD6E42B1285A4571004D55FB /* Debug */,
				CD6E42B2285A4571004D55FB /* Release */,
			);
			defaultConfigurationIsVisible = 0;
			defaultConfigurationName = Release;
		};
		CD6E42B3285A4571004D55FB /* Build configuration list for PBXNativeTarget "FlixterTests" */ = {
			isa = XCConfigurationList;
			buildConfigurations = (
				CD6E42B4285A4571004D55FB /* Debug */,
				CD6E42B5285A4571004D55FB /* Release */,
			);
			defaultConfigurationIsVisible = 0;
			defaultConfigurationName = Release;
		};
		CD6E42B6285A4571004D55FB /* Build configuration list for PBXNativeTarget "FlixterUITests" */ = {
			isa = XCConfigurationList;
			buildConfigurations = (
				CD6E42B7285A4571004D55FB /* Debug */,
				CD6E42B8285A4571004D55FB /* Release */,
			);
			defaultConfigurationIsVisible = 0;
			defaultConfigurationName = Release;
		};
/* End XCConfigurationList section */
	};
	rootObject = CD6E4279285A4570004D55FB /* Project object */;
}
